
Microsoft Visual Studio Solution File, Format Version 12.00
# Visual Studio 2013
VisualStudioVersion = 12.0.31101.0
MinimumVisualStudioVersion = 10.0.40219.1
Project("{FAE04EC0-301F-11D3-BF4B-00C04F79EFBC}") = "GridSplitterApp", "GridSplitterApp\GridSplitterApp\GridSplitterApp.csproj", "{E774DB01-6487-4563-80D3-4AA602A1006A}"
EndProject
Project("{FAE04EC0-301F-11D3-BF4B-00C04F79EFBC}") = "GridSplitterApp.iOS", "GridSplitterApp\GridSplitterApp.iOS\GridSplitterApp.iOS.csproj", "{56EF3417-5374-41F4-9840-0A68E3E68B28}"
EndProject
Project("{FAE04EC0-301F-11D3-BF4B-00C04F79EFBC}") = "GridSplitterApp.Droid", "GridSplitterApp\GridSplitterApp.Droid\GridSplitterApp.Droid.csproj", "{19E981C1-ACA0-4170-BCB0-7517B1CBFA0E}"
EndProject
Project("{FAE04EC0-301F-11D3-BF4B-00C04F79EFBC}") = "GridSplitterApp.WinPhone", "GridSplitterApp\GridSplitterApp.WinPhone\GridSplitterApp.WinPhone.csproj", "{BACA7240-BCEE-4126-84C0-4A6D642459FD}"
EndProject
Global
	GlobalSection(SolutionConfigurationPlatforms) = preSolution
		Ad-Hoc|Any CPU = Ad-Hoc|Any CPU
		Ad-Hoc|ARM = Ad-Hoc|ARM
		Ad-Hoc|iPhone = Ad-Hoc|iPhone
		Ad-Hoc|iPhoneSimulator = Ad-Hoc|iPhoneSimulator
		Ad-Hoc|Mixed Platforms = Ad-Hoc|Mixed Platforms
		Ad-Hoc|x86 = Ad-Hoc|x86
		AppStore|Any CPU = AppStore|Any CPU
		AppStore|ARM = AppStore|ARM
		AppStore|iPhone = AppStore|iPhone
		AppStore|iPhoneSimulator = AppStore|iPhoneSimulator
		AppStore|Mixed Platforms = AppStore|Mixed Platforms
		AppStore|x86 = AppStore|x86
		Debug|Any CPU = Debug|Any CPU
		Debug|ARM = Debug|ARM
		Debug|iPhone = Debug|iPhone
		Debug|iPhoneSimulator = Debug|iPhoneSimulator
		Debug|Mixed Platforms = Debug|Mixed Platforms
		Debug|x86 = Debug|x86
		Release|Any CPU = Release|Any CPU
		Release|ARM = Release|ARM
		Release|iPhone = Release|iPhone
		Release|iPhoneSimulator = Release|iPhoneSimulator
		Release|Mixed Platforms = Release|Mixed Platforms
		Release|x86 = Release|x86
	EndGlobalSection
	GlobalSection(ProjectConfigurationPlatforms) = postSolution
		{E774DB01-6487-4563-80D3-4AA602A1006A}.Ad-Hoc|Any CPU.ActiveCfg = Release|Any CPU
		{E774DB01-6487-4563-80D3-4AA602A1006A}.Ad-Hoc|Any CPU.Build.0 = Release|Any CPU
		{E774DB01-6487-4563-80D3-4AA602A1006A}.Ad-Hoc|ARM.ActiveCfg = Release|Any CPU
		{E774DB01-6487-4563-80D3-4AA602A1006A}.Ad-Hoc|iPhone.ActiveCfg = Release|Any CPU
		{E774DB01-6487-4563-80D3-4AA602A1006A}.Ad-Hoc|iPhoneSimulator.ActiveCfg = Release|Any CPU
		{E774DB01-6487-4563-80D3-4AA602A1006A}.Ad-Hoc|Mixed Platforms.ActiveCfg = Release|Any CPU
		{E774DB01-6487-4563-80D3-4AA602A1006A}.Ad-Hoc|Mixed Platforms.Build.0 = Release|Any CPU
		{E774DB01-6487-4563-80D3-4AA602A1006A}.Ad-Hoc|x86.ActiveCfg = Release|Any CPU
		{E774DB01-6487-4563-80D3-4AA602A1006A}.AppStore|Any CPU.ActiveCfg = Release|Any CPU
		{E774DB01-6487-4563-80D3-4AA602A1006A}.AppStore|Any CPU.Build.0 = Release|Any CPU
		{E774DB01-6487-4563-80D3-4AA602A1006A}.AppStore|ARM.ActiveCfg = Release|Any CPU
		{E774DB01-6487-4563-80D3-4AA602A1006A}.AppStore|iPhone.ActiveCfg = Release|Any CPU
		{E774DB01-6487-4563-80D3-4AA602A1006A}.AppStore|iPhoneSimulator.ActiveCfg = Release|Any CPU
		{E774DB01-6487-4563-80D3-4AA602A1006A}.AppStore|Mixed Platforms.ActiveCfg = Release|Any CPU
		{E774DB01-6487-4563-80D3-4AA602A1006A}.AppStore|Mixed Platforms.Build.0 = Release|Any CPU
		{E774DB01-6487-4563-80D3-4AA602A1006A}.AppStore|x86.ActiveCfg = Release|Any CPU
		{E774DB01-6487-4563-80D3-4AA602A1006A}.Debug|Any CPU.ActiveCfg = Debug|Any CPU
		{E774DB01-6487-4563-80D3-4AA602A1006A}.Debug|Any CPU.Build.0 = Debug|Any CPU
		{E774DB01-6487-4563-80D3-4AA602A1006A}.Debug|ARM.ActiveCfg = Debug|Any CPU
		{E774DB01-6487-4563-80D3-4AA602A1006A}.Debug|iPhone.ActiveCfg = Debug|Any CPU
		{E774DB01-6487-4563-80D3-4AA602A1006A}.Debug|iPhoneSimulator.ActiveCfg = Debug|Any CPU
		{E774DB01-6487-4563-80D3-4AA602A1006A}.Debug|Mixed Platforms.ActiveCfg = Debug|Any CPU
		{E774DB01-6487-4563-80D3-4AA602A1006A}.Debug|Mixed Platforms.Build.0 = Debug|Any CPU
		{E774DB01-6487-4563-80D3-4AA602A1006A}.Debug|x86.ActiveCfg = Debug|Any CPU
		{E774DB01-6487-4563-80D3-4AA602A1006A}.Release|Any CPU.ActiveCfg = Release|Any CPU
		{E774DB01-6487-4563-80D3-4AA602A1006A}.Release|Any CPU.Build.0 = Release|Any CPU
		{E774DB01-6487-4563-80D3-4AA602A1006A}.Release|ARM.ActiveCfg = Release|Any CPU
		{E774DB01-6487-4563-80D3-4AA602A1006A}.Release|iPhone.ActiveCfg = Release|Any CPU
		{E774DB01-6487-4563-80D3-4AA602A1006A}.Release|iPhoneSimulator.ActiveCfg = Release|Any CPU
		{E774DB01-6487-4563-80D3-4AA602A1006A}.Release|Mixed Platforms.ActiveCfg = Release|Any CPU
		{E774DB01-6487-4563-80D3-4AA602A1006A}.Release|Mixed Platforms.Build.0 = Release|Any CPU
		{E774DB01-6487-4563-80D3-4AA602A1006A}.Release|x86.ActiveCfg = Release|Any CPU
		{56EF3417-5374-41F4-9840-0A68E3E68B28}.Ad-Hoc|Any CPU.ActiveCfg = Ad-Hoc|iPhone
		{56EF3417-5374-41F4-9840-0A68E3E68B28}.Ad-Hoc|ARM.ActiveCfg = Ad-Hoc|iPhone
		{56EF3417-5374-41F4-9840-0A68E3E68B28}.Ad-Hoc|iPhone.ActiveCfg = Ad-Hoc|iPhone
		{56EF3417-5374-41F4-9840-0A68E3E68B28}.Ad-Hoc|iPhone.Build.0 = Ad-Hoc|iPhone
		{56EF3417-5374-41F4-9840-0A68E3E68B28}.Ad-Hoc|iPhoneSimulator.ActiveCfg = Ad-Hoc|iPhoneSimulator
		{56EF3417-5374-41F4-9840-0A68E3E68B28}.Ad-Hoc|iPhoneSimulator.Build.0 = Ad-Hoc|iPhoneSimulator
		{56EF3417-5374-41F4-9840-0A68E3E68B28}.Ad-Hoc|Mixed Platforms.ActiveCfg = Ad-Hoc|iPhone
		{56EF3417-5374-41F4-9840-0A68E3E68B28}.Ad-Hoc|Mixed Platforms.Build.0 = Ad-Hoc|iPhone
		{56EF3417-5374-41F4-9840-0A68E3E68B28}.Ad-Hoc|x86.ActiveCfg = Ad-Hoc|iPhone
		{56EF3417-5374-41F4-9840-0A68E3E68B28}.AppStore|Any CPU.ActiveCfg = AppStore|iPhone
		{56EF3417-5374-41F4-9840-0A68E3E68B28}.AppStore|ARM.ActiveCfg = AppStore|iPhone
		{56EF3417-5374-41F4-9840-0A68E3E68B28}.AppStore|iPhone.ActiveCfg = AppStore|iPhone
		{56EF3417-5374-41F4-9840-0A68E3E68B28}.AppStore|iPhone.Build.0 = AppStore|iPhone
		{56EF3417-5374-41F4-9840-0A68E3E68B28}.AppStore|iPhoneSimulator.ActiveCfg = AppStore|iPhoneSimulator
		{56EF3417-5374-41F4-9840-0A68E3E68B28}.AppStore|iPhoneSimulator.Build.0 = AppStore|iPhoneSimulator
		{56EF3417-5374-41F4-9840-0A68E3E68B28}.AppStore|Mixed Platforms.ActiveCfg = AppStore|iPhone
		{56EF3417-5374-41F4-9840-0A68E3E68B28}.AppStore|Mixed Platforms.Build.0 = AppStore|iPhone
		{56EF3417-5374-41F4-9840-0A68E3E68B28}.AppStore|x86.ActiveCfg = AppStore|iPhone
		{56EF3417-5374-41F4-9840-0A68E3E68B28}.Debug|Any CPU.ActiveCfg = Debug|iPhone
		{56EF3417-5374-41F4-9840-0A68E3E68B28}.Debug|ARM.ActiveCfg = Debug|iPhone
		{56EF3417-5374-41F4-9840-0A68E3E68B28}.Debug|iPhone.ActiveCfg = Debug|iPhone
		{56EF3417-5374-41F4-9840-0A68E3E68B28}.Debug|iPhone.Build.0 = Debug|iPhone
		{56EF3417-5374-41F4-9840-0A68E3E68B28}.Debug|iPhoneSimulator.ActiveCfg = Debug|iPhoneSimulator
		{56EF3417-5374-41F4-9840-0A68E3E68B28}.Debug|iPhoneSimulator.Build.0 = Debug|iPhoneSimulator
		{56EF3417-5374-41F4-9840-0A68E3E68B28}.Debug|Mixed Platforms.ActiveCfg = Debug|iPhone
		{56EF3417-5374-41F4-9840-0A68E3E68B28}.Debug|Mixed Platforms.Build.0 = Debug|iPhone
		{56EF3417-5374-41F4-9840-0A68E3E68B28}.Debug|x86.ActiveCfg = Debug|iPhone
		{56EF3417-5374-41F4-9840-0A68E3E68B28}.Release|Any CPU.ActiveCfg = Release|iPhone
		{56EF3417-5374-41F4-9840-0A68E3E68B28}.Release|ARM.ActiveCfg = Release|iPhone
		{56EF3417-5374-41F4-9840-0A68E3E68B28}.Release|iPhone.ActiveCfg = Release|iPhone
		{56EF3417-5374-41F4-9840-0A68E3E68B28}.Release|iPhone.Build.0 = Release|iPhone
		{56EF3417-5374-41F4-9840-0A68E3E68B28}.Release|iPhoneSimulator.ActiveCfg = Release|iPhoneSimulator
		{56EF3417-5374-41F4-9840-0A68E3E68B28}.Release|iPhoneSimulator.Build.0 = Release|iPhoneSimulator
		{56EF3417-5374-41F4-9840-0A68E3E68B28}.Release|Mixed Platforms.ActiveCfg = Release|iPhone
		{56EF3417-5374-41F4-9840-0A68E3E68B28}.Release|Mixed Platforms.Build.0 = Release|iPhone
		{56EF3417-5374-41F4-9840-0A68E3E68B28}.Release|x86.ActiveCfg = Release|iPhone
		{19E981C1-ACA0-4170-BCB0-7517B1CBFA0E}.Ad-Hoc|Any CPU.ActiveCfg = Release|Any CPU
		{19E981C1-ACA0-4170-BCB0-7517B1CBFA0E}.Ad-Hoc|Any CPU.Build.0 = Release|Any CPU
		{19E981C1-ACA0-4170-BCB0-7517B1CBFA0E}.Ad-Hoc|Any CPU.Deploy.0 = Release|Any CPU
		{19E981C1-ACA0-4170-BCB0-7517B1CBFA0E}.Ad-Hoc|ARM.ActiveCfg = Release|Any CPU
		{19E981C1-ACA0-4170-BCB0-7517B1CBFA0E}.Ad-Hoc|iPhone.ActiveCfg = Release|Any CPU
		{19E981C1-ACA0-4170-BCB0-7517B1CBFA0E}.Ad-Hoc|iPhoneSimulator.ActiveCfg = Release|Any CPU
		{19E981C1-ACA0-4170-BCB0-7517B1CBFA0E}.Ad-Hoc|Mixed Platforms.ActiveCfg = Release|Any CPU
		{19E981C1-ACA0-4170-BCB0-7517B1CBFA0E}.Ad-Hoc|Mixed Platforms.Build.0 = Release|Any CPU
		{19E981C1-ACA0-4170-BCB0-7517B1CBFA0E}.Ad-Hoc|Mixed Platforms.Deploy.0 = Release|Any CPU
		{19E981C1-ACA0-4170-BCB0-7517B1CBFA0E}.Ad-Hoc|x86.ActiveCfg = Release|Any CPU
		{19E981C1-ACA0-4170-BCB0-7517B1CBFA0E}.AppStore|Any CPU.ActiveCfg = Release|Any CPU
		{19E981C1-ACA0-4170-BCB0-7517B1CBFA0E}.AppStore|Any CPU.Build.0 = Release|Any CPU
		{19E981C1-ACA0-4170-BCB0-7517B1CBFA0E}.AppStore|Any CPU.Deploy.0 = Release|Any CPU
		{19E981C1-ACA0-4170-BCB0-7517B1CBFA0E}.AppStore|ARM.ActiveCfg = Release|Any CPU
		{19E981C1-ACA0-4170-BCB0-7517B1CBFA0E}.AppStore|iPhone.ActiveCfg = Release|Any CPU
		{19E981C1-ACA0-4170-BCB0-7517B1CBFA0E}.AppStore|iPhoneSimulator.ActiveCfg = Release|Any CPU
		{19E981C1-ACA0-4170-BCB0-7517B1CBFA0E}.AppStore|Mixed Platforms.ActiveCfg = Release|Any CPU
		{19E981C1-ACA0-4170-BCB0-7517B1CBFA0E}.AppStore|Mixed Platforms.Build.0 = Release|Any CPU
		{19E981C1-ACA0-4170-BCB0-7517B1CBFA0E}.AppStore|Mixed Platforms.Deploy.0 = Release|Any CPU
		{19E981C1-ACA0-4170-BCB0-7517B1CBFA0E}.AppStore|x86.ActiveCfg = Release|Any CPU
		{19E981C1-ACA0-4170-BCB0-7517B1CBFA0E}.Debug|Any CPU.ActiveCfg = Debug|Any CPU
		{19E981C1-ACA0-4170-BCB0-7517B1CBFA0E}.Debug|Any CPU.Build.0 = Debug|Any CPU
		{19E981C1-ACA0-4170-BCB0-7517B1CBFA0E}.Debug|Any CPU.Deploy.0 = Debug|Any CPU
		{19E981C1-ACA0-4170-BCB0-7517B1CBFA0E}.Debug|ARM.ActiveCfg = Debug|Any CPU
		{19E981C1-ACA0-4170-BCB0-7517B1CBFA0E}.Debug|iPhone.ActiveCfg = Debug|Any CPU
		{19E981C1-ACA0-4170-BCB0-7517B1CBFA0E}.Debug|iPhoneSimulator.ActiveCfg = Debug|Any CPU
		{19E981C1-ACA0-4170-BCB0-7517B1CBFA0E}.Debug|Mixed Platforms.ActiveCfg = Debug|Any CPU
		{19E981C1-ACA0-4170-BCB0-7517B1CBFA0E}.Debug|Mixed Platforms.Build.0 = Debug|Any CPU
		{19E981C1-ACA0-4170-BCB0-7517B1CBFA0E}.Debug|Mixed Platforms.Deploy.0 = Debug|Any CPU
		{19E981C1-ACA0-4170-BCB0-7517B1CBFA0E}.Debug|x86.ActiveCfg = Debug|Any CPU
		{19E981C1-ACA0-4170-BCB0-7517B1CBFA0E}.Release|Any CPU.ActiveCfg = Release|Any CPU
		{19E981C1-ACA0-4170-BCB0-7517B1CBFA0E}.Release|Any CPU.Build.0 = Release|Any CPU
		{19E981C1-ACA0-4170-BCB0-7517B1CBFA0E}.Release|Any CPU.Deploy.0 = Release|Any CPU
		{19E981C1-ACA0-4170-BCB0-7517B1CBFA0E}.Release|ARM.ActiveCfg = Release|Any CPU
		{19E981C1-ACA0-4170-BCB0-7517B1CBFA0E}.Release|iPhone.ActiveCfg = Release|Any CPU
		{19E981C1-ACA0-4170-BCB0-7517B1CBFA0E}.Release|iPhoneSimulator.ActiveCfg = Release|Any CPU
		{19E981C1-ACA0-4170-BCB0-7517B1CBFA0E}.Release|Mixed Platforms.ActiveCfg = Release|Any CPU
		{19E981C1-ACA0-4170-BCB0-7517B1CBFA0E}.Release|Mixed Platforms.Build.0 = Release|Any CPU
		{19E981C1-ACA0-4170-BCB0-7517B1CBFA0E}.Release|Mixed Platforms.Deploy.0 = Release|Any CPU
		{19E981C1-ACA0-4170-BCB0-7517B1CBFA0E}.Release|x86.ActiveCfg = Release|Any CPU
		{BACA7240-BCEE-4126-84C0-4A6D642459FD}.Ad-Hoc|Any CPU.ActiveCfg = Release|Any CPU
		{BACA7240-BCEE-4126-84C0-4A6D642459FD}.Ad-Hoc|Any CPU.Build.0 = Release|Any CPU
		{BACA7240-BCEE-4126-84C0-4A6D642459FD}.Ad-Hoc|Any CPU.Deploy.0 = Release|Any CPU
		{BACA7240-BCEE-4126-84C0-4A6D642459FD}.Ad-Hoc|ARM.ActiveCfg = Release|ARM
		{BACA7240-BCEE-4126-84C0-4A6D642459FD}.Ad-Hoc|ARM.Build.0 = Release|ARM
		{BACA7240-BCEE-4126-84C0-4A6D642459FD}.Ad-Hoc|ARM.Deploy.0 = Release|ARM
		{BACA7240-BCEE-4126-84C0-4A6D642459FD}.Ad-Hoc|iPhone.ActiveCfg = Release|Any CPU
		{BACA7240-BCEE-4126-84C0-4A6D642459FD}.Ad-Hoc|iPhoneSimulator.ActiveCfg = Release|Any CPU
		{BACA7240-BCEE-4126-84C0-4A6D642459FD}.Ad-Hoc|Mixed Platforms.ActiveCfg = Release|x86
		{BACA7240-BCEE-4126-84C0-4A6D642459FD}.Ad-Hoc|Mixed Platforms.Build.0 = Release|x86
		{BACA7240-BCEE-4126-84C0-4A6D642459FD}.Ad-Hoc|Mixed Platforms.Deploy.0 = Release|x86
		{BACA7240-BCEE-4126-84C0-4A6D642459FD}.Ad-Hoc|x86.ActiveCfg = Release|x86
		{BACA7240-BCEE-4126-84C0-4A6D642459FD}.Ad-Hoc|x86.Build.0 = Release|x86
		{BACA7240-BCEE-4126-84C0-4A6D642459FD}.Ad-Hoc|x86.Deploy.0 = Release|x86
		{BACA7240-BCEE-4126-84C0-4A6D642459FD}.AppStore|Any CPU.ActiveCfg = Release|Any CPU
		{BACA7240-BCEE-4126-84C0-4A6D642459FD}.AppStore|Any CPU.Build.0 = Release|Any CPU
		{BACA7240-BCEE-4126-84C0-4A6D642459FD}.AppStore|Any CPU.Deploy.0 = Release|Any CPU
		{BACA7240-BCEE-4126-84C0-4A6D642459FD}.AppStore|ARM.ActiveCfg = Release|ARM
		{BACA7240-BCEE-4126-84C0-4A6D642459FD}.AppStore|ARM.Build.0 = Release|ARM
		{BACA7240-BCEE-4126-84C0-4A6D642459FD}.AppStore|ARM.Deploy.0 = Release|ARM
		{BACA7240-BCEE-4126-84C0-4A6D642459FD}.AppStore|iPhone.ActiveCfg = Release|Any CPU
		{BACA7240-BCEE-4126-84C0-4A6D642459FD}.AppStore|iPhoneSimulator.ActiveCfg = Release|Any CPU
		{BACA7240-BCEE-4126-84C0-4A6D642459FD}.AppStore|Mixed Platforms.ActiveCfg = Release|x86
		{BACA7240-BCEE-4126-84C0-4A6D642459FD}.AppStore|Mixed Platforms.Build.0 = Release|x86
		{BACA7240-BCEE-4126-84C0-4A6D642459FD}.AppStore|Mixed Platforms.Deploy.0 = Release|x86
		{BACA7240-BCEE-4126-84C0-4A6D642459FD}.AppStore|x86.ActiveCfg = Release|x86
		{BACA7240-BCEE-4126-84C0-4A6D642459FD}.AppStore|x86.Build.0 = Release|x86
		{BACA7240-BCEE-4126-84C0-4A6D642459FD}.AppStore|x86.Deploy.0 = Release|x86
		{BACA7240-BCEE-4126-84C0-4A6D642459FD}.Debug|Any CPU.ActiveCfg = Debug|Any CPU
		{BACA7240-BCEE-4126-84C0-4A6D642459FD}.Debug|Any CPU.Build.0 = Debug|Any CPU
		{BACA7240-BCEE-4126-84C0-4A6D642459FD}.Debug|Any CPU.Deploy.0 = Debug|Any CPU
		{BACA7240-BCEE-4126-84C0-4A6D642459FD}.Debug|ARM.ActiveCfg = Debug|ARM
		{BACA7240-BCEE-4126-84C0-4A6D642459FD}.Debug|ARM.Build.0 = Debug|ARM
		{BACA7240-BCEE-4126-84C0-4A6D642459FD}.Debug|ARM.Deploy.0 = Debug|ARM
		{BACA7240-BCEE-4126-84C0-4A6D642459FD}.Debug|iPhone.ActiveCfg = Debug|Any CPU
		{BACA7240-BCEE-4126-84C0-4A6D642459FD}.Debug|iPhoneSimulator.ActiveCfg = Debug|Any CPU
		{BACA7240-BCEE-4126-84C0-4A6D642459FD}.Debug|iPhoneSimulator.Build.0 = Debug|Any CPU
		{BACA7240-BCEE-4126-84C0-4A6D642459FD}.Debug|iPhoneSimulator.Deploy.0 = Debug|Any CPU
		{BACA7240-BCEE-4126-84C0-4A6D642459FD}.Debug|Mixed Platforms.ActiveCfg = Debug|x86
		{BACA7240-BCEE-4126-84C0-4A6D642459FD}.Debug|Mixed Platforms.Build.0 = Debug|x86
		{BACA7240-BCEE-4126-84C0-4A6D642459FD}.Debug|Mixed Platforms.Deploy.0 = Debug|x86
		{BACA7240-BCEE-4126-84C0-4A6D642459FD}.Debug|x86.ActiveCfg = Debug|x86
		{BACA7240-BCEE-4126-84C0-4A6D642459FD}.Debug|x86.Build.0 = Debug|x86
		{BACA7240-BCEE-4126-84C0-4A6D642459FD}.Debug|x86.Deploy.0 = Debug|x86
		{BACA7240-BCEE-4126-84C0-4A6D642459FD}.Release|Any CPU.ActiveCfg = Release|Any CPU
		{BACA7240-BCEE-4126-84C0-4A6D642459FD}.Release|Any CPU.Build.0 = Release|Any CPU
		{BACA7240-BCEE-4126-84C0-4A6D642459FD}.Release|Any CPU.Deploy.0 = Release|Any CPU
		{BACA7240-BCEE-4126-84C0-4A6D642459FD}.Release|ARM.ActiveCfg = Release|ARM
		{BACA7240-BCEE-4126-84C0-4A6D642459FD}.Release|ARM.Build.0 = Release|ARM
		{BACA7240-BCEE-4126-84C0-4A6D642459FD}.Release|ARM.Deploy.0 = Release|ARM
		{BACA7240-BCEE-4126-84C0-4A6D642459FD}.Release|iPhone.ActiveCfg = Release|Any CPU
		{BACA7240-BCEE-4126-84C0-4A6D642459FD}.Release|iPhoneSimulator.ActiveCfg = Release|Any CPU
		{BACA7240-BCEE-4126-84C0-4A6D642459FD}.Release|Mixed Platforms.ActiveCfg = Release|x86
		{BACA7240-BCEE-4126-84C0-4A6D642459FD}.Release|Mixed Platforms.Build.0 = Release|x86
		{BACA7240-BCEE-4126-84C0-4A6D642459FD}.Release|Mixed Platforms.Deploy.0 = Release|x86
		{BACA7240-BCEE-4126-84C0-4A6D642459FD}.Release|x86.ActiveCfg = Release|x86
		{BACA7240-BCEE-4126-84C0-4A6D642459FD}.Release|x86.Build.0 = Release|x86
		{BACA7240-BCEE-4126-84C0-4A6D642459FD}.Release|x86.Deploy.0 = Release|x86
	EndGlobalSection
	GlobalSection(SolutionProperties) = preSolution
		HideSolutionNode = FALSE
	EndGlobalSection
EndGlobal
